
Microsoft Visual Studio Solution File, Format Version 12.00
# Visual Studio Version 16
VisualStudioVersion = 16.0.32228.343
MinimumVisualStudioVersion = 10.0.40219.1
Project("{FAE04EC0-301F-11D3-BF4B-00C04F79EFBC}") = "SSInstructor", "SSInstructor\SSInstructor.csproj", "{C909F515-5041-46A4-A034-B08226B3E062}"
EndProject
Project("{FAE04EC0-301F-11D3-BF4B-00C04F79EFBC}") = "ViControls", "ViControls\ViControls.csproj", "{C8C1975E-C078-4FAD-A978-6F6547CE8BF1}"
EndProject
Global
	GlobalSection(SolutionConfigurationPlatforms) = preSolution
		Debug|Any CPU = Debug|Any CPU
		Release|Any CPU = Release|Any CPU
	EndGlobalSection
	GlobalSection(ProjectConfigurationPlatforms) = postSolution
		{C909F515-5041-46A4-A034-B08226B3E062}.Debug|Any CPU.ActiveCfg = Debug|Any CPU
		{C909F515-5041-46A4-A034-B08226B3E062}.Debug|Any CPU.Build.0 = Debug|Any CPU
		{C909F515-5041-46A4-A034-B08226B3E062}.Release|Any CPU.ActiveCfg = Release|Any CPU
		{C909F515-5041-46A4-A034-B08226B3E062}.Release|Any CPU.Build.0 = Release|Any CPU
		{C8C1975E-C078-4FAD-A978-6F6547CE8BF1}.Debug|Any CPU.ActiveCfg = Debug|Any CPU
		{C8C1975E-C078-4FAD-A978-6F6547CE8BF1}.Debug|Any CPU.Build.0 = Debug|Any CPU
		{C8C1975E-C078-4FAD-A978-6F6547CE8BF1}.Release|Any CPU.ActiveCfg = Release|Any CPU
		{C8C1975E-C078-4FAD-A978-6F6547CE8BF1}.Release|Any CPU.Build.0 = Release|Any CPU
	EndGlobalSection
	GlobalSection(SolutionProperties) = preSolution
		HideSolutionNode = FALSE
	EndGlobalSection
	GlobalSection(ExtensibilityGlobals) = postSolution
		SolutionGuid = {59DA7B6B-CD54-4BD0-B728-B40330A6DABC}
	EndGlobalSection
EndGlobal
